
Microsoft Visual Studio Solution File, Format Version 12.00
# Visual Studio Version 16
VisualStudioVersion = 16.0.31005.135
MinimumVisualStudioVersion = 10.0.40219.1
Project("{FAE04EC0-301F-11D3-BF4B-00C04F79EFBC}") = "Messanger", "Messanger\Messanger.csproj", "{A259DF7C-340A-4069-8182-2BCA202D8018}"
EndProject
Global
	GlobalSection(SolutionConfigurationPlatforms) = preSolution
		Debug|Any CPU = Debug|Any CPU
		Release|Any CPU = Release|Any CPU
	EndGlobalSection
	GlobalSection(ProjectConfigurationPlatforms) = postSolution
		{A259DF7C-340A-4069-8182-2BCA202D8018}.Debug|Any CPU.ActiveCfg = Debug|Any CPU
		{A259DF7C-340A-4069-8182-2BCA202D8018}.Debug|Any CPU.Build.0 = Debug|Any CPU
		{A259DF7C-340A-4069-8182-2BCA202D8018}.Release|Any CPU.ActiveCfg = Release|Any CPU
		{A259DF7C-340A-4069-8182-2BCA202D8018}.Release|Any CPU.Build.0 = Release|Any CPU
	EndGlobalSection
	GlobalSection(SolutionProperties) = preSolution
		HideSolutionNode = FALSE
	EndGlobalSection
	GlobalSection(ExtensibilityGlobals) = postSolution
		SolutionGuid = {DFF13C8D-D6FF-4D60-BE88-098FA9234287}
	EndGlobalSection
EndGlobal
